
Microsoft Visual Studio Solution File, Format Version 12.00
# Visual Studio Version 16
VisualStudioVersion = 16.0.30611.23
MinimumVisualStudioVersion = 10.0.40219.1
Project("{FAE04EC0-301F-11D3-BF4B-00C04F79EFBC}") = "Lab10", "Lab10\Lab10.csproj", "{71FA1E30-9869-48C6-B838-57EBF5B565E8}"
EndProject
Global
	GlobalSection(SolutionConfigurationPlatforms) = preSolution
		Debug|Any CPU = Debug|Any CPU
		Release|Any CPU = Release|Any CPU
	EndGlobalSection
	GlobalSection(ProjectConfigurationPlatforms) = postSolution
		{71FA1E30-9869-48C6-B838-57EBF5B565E8}.Debug|Any CPU.ActiveCfg = Debug|Any CPU
		{71FA1E30-9869-48C6-B838-57EBF5B565E8}.Debug|Any CPU.Build.0 = Debug|Any CPU
		{71FA1E30-9869-48C6-B838-57EBF5B565E8}.Release|Any CPU.ActiveCfg = Release|Any CPU
		{71FA1E30-9869-48C6-B838-57EBF5B565E8}.Release|Any CPU.Build.0 = Release|Any CPU
	EndGlobalSection
	GlobalSection(SolutionProperties) = preSolution
		HideSolutionNode = FALSE
	EndGlobalSection
	GlobalSection(ExtensibilityGlobals) = postSolution
		SolutionGuid = {03C613CF-148D-435B-A85C-6A682BA98CA6}
	EndGlobalSection
EndGlobal
