
Microsoft Visual Studio Solution File, Format Version 12.00
# Visual Studio Version 16
VisualStudioVersion = 16.0.30611.23
MinimumVisualStudioVersion = 10.0.40219.1
Project("{9A19103F-16F7-4668-BE54-9A1E7A4F7556}") = "Zad1", "Zad1\Zad1.csproj", "{231E78A0-40E6-4B50-A4A9-72F6E3EC336C}"
EndProject
Project("{FAE04EC0-301F-11D3-BF4B-00C04F79EFBC}") = "Zad2", "Zad2\Zad2.csproj", "{A85BF981-B617-4AB9-BD96-93EAF1C21E90}"
EndProject
Global
	GlobalSection(SolutionConfigurationPlatforms) = preSolution
		Debug|Any CPU = Debug|Any CPU
		Release|Any CPU = Release|Any CPU
	EndGlobalSection
	GlobalSection(ProjectConfigurationPlatforms) = postSolution
		{231E78A0-40E6-4B50-A4A9-72F6E3EC336C}.Debug|Any CPU.ActiveCfg = Debug|Any CPU
		{231E78A0-40E6-4B50-A4A9-72F6E3EC336C}.Debug|Any CPU.Build.0 = Debug|Any CPU
		{231E78A0-40E6-4B50-A4A9-72F6E3EC336C}.Release|Any CPU.ActiveCfg = Release|Any CPU
		{231E78A0-40E6-4B50-A4A9-72F6E3EC336C}.Release|Any CPU.Build.0 = Release|Any CPU
		{A85BF981-B617-4AB9-BD96-93EAF1C21E90}.Debug|Any CPU.ActiveCfg = Debug|Any CPU
		{A85BF981-B617-4AB9-BD96-93EAF1C21E90}.Debug|Any CPU.Build.0 = Debug|Any CPU
		{A85BF981-B617-4AB9-BD96-93EAF1C21E90}.Release|Any CPU.ActiveCfg = Release|Any CPU
		{A85BF981-B617-4AB9-BD96-93EAF1C21E90}.Release|Any CPU.Build.0 = Release|Any CPU
	EndGlobalSection
	GlobalSection(SolutionProperties) = preSolution
		HideSolutionNode = FALSE
	EndGlobalSection
	GlobalSection(ExtensibilityGlobals) = postSolution
		SolutionGuid = {6045D254-A5A3-4C59-A52F-C1FDA889CE21}
	EndGlobalSection
EndGlobal
