
Microsoft Visual Studio Solution File, Format Version 12.00
# Visual Studio Version 16
VisualStudioVersion = 16.0.30611.23
MinimumVisualStudioVersion = 10.0.40219.1
Project("{9A19103F-16F7-4668-BE54-9A1E7A4F7556}") = "Zad1", "Zad1\Zad1.csproj", "{61C9BE28-5974-426F-BCFE-B9D4535657C9}"
EndProject
Project("{FAE04EC0-301F-11D3-BF4B-00C04F79EFBC}") = "Zad2", "Zad2\Zad2.csproj", "{3C5FC1A0-B1FB-43CB-9FEC-5076CDA4B43E}"
EndProject
Project("{FAE04EC0-301F-11D3-BF4B-00C04F79EFBC}") = "Zad3", "Zad3\Zad3.csproj", "{93A3EE5D-3BDA-4240-870B-2639A85A929C}"
EndProject
Global
	GlobalSection(SolutionConfigurationPlatforms) = preSolution
		Debug|Any CPU = Debug|Any CPU
		Release|Any CPU = Release|Any CPU
	EndGlobalSection
	GlobalSection(ProjectConfigurationPlatforms) = postSolution
		{61C9BE28-5974-426F-BCFE-B9D4535657C9}.Debug|Any CPU.ActiveCfg = Debug|Any CPU
		{61C9BE28-5974-426F-BCFE-B9D4535657C9}.Debug|Any CPU.Build.0 = Debug|Any CPU
		{61C9BE28-5974-426F-BCFE-B9D4535657C9}.Release|Any CPU.ActiveCfg = Release|Any CPU
		{61C9BE28-5974-426F-BCFE-B9D4535657C9}.Release|Any CPU.Build.0 = Release|Any CPU
		{3C5FC1A0-B1FB-43CB-9FEC-5076CDA4B43E}.Debug|Any CPU.ActiveCfg = Debug|Any CPU
		{3C5FC1A0-B1FB-43CB-9FEC-5076CDA4B43E}.Debug|Any CPU.Build.0 = Debug|Any CPU
		{3C5FC1A0-B1FB-43CB-9FEC-5076CDA4B43E}.Release|Any CPU.ActiveCfg = Release|Any CPU
		{3C5FC1A0-B1FB-43CB-9FEC-5076CDA4B43E}.Release|Any CPU.Build.0 = Release|Any CPU
		{93A3EE5D-3BDA-4240-870B-2639A85A929C}.Debug|Any CPU.ActiveCfg = Debug|Any CPU
		{93A3EE5D-3BDA-4240-870B-2639A85A929C}.Debug|Any CPU.Build.0 = Debug|Any CPU
		{93A3EE5D-3BDA-4240-870B-2639A85A929C}.Release|Any CPU.ActiveCfg = Release|Any CPU
		{93A3EE5D-3BDA-4240-870B-2639A85A929C}.Release|Any CPU.Build.0 = Release|Any CPU
	EndGlobalSection
	GlobalSection(SolutionProperties) = preSolution
		HideSolutionNode = FALSE
	EndGlobalSection
	GlobalSection(ExtensibilityGlobals) = postSolution
		SolutionGuid = {A8E079DB-0D1A-44CA-93FE-6EB0E0AFA8AC}
	EndGlobalSection
EndGlobal
